// !$*UTF8*$!
{
	archiveVersion = 1;
	classes = {
	};
	objectVersion = 50;
	objects = {

/* Begin PBXBuildFile section */
		479922BB26B854E600CB5919 /* NextUpApp.swift in Sources */ = {isa = PBXBuildFile; fileRef = 479922BA26B854E600CB5919 /* NextUpApp.swift */; };
		479922BF26B854E800CB5919 /* Assets.xcassets in Resources */ = {isa = PBXBuildFile; fileRef = 479922BE26B854E800CB5919 /* Assets.xcassets */; };
		479922C226B854E800CB5919 /* Preview Assets.xcassets in Resources */ = {isa = PBXBuildFile; fileRef = 479922C126B854E800CB5919 /* Preview Assets.xcassets */; };
		479922C726B854E800CB5919 /* NextUp.xcdatamodeld in Sources */ = {isa = PBXBuildFile; fileRef = 479922C526B854E800CB5919 /* NextUp.xcdatamodeld */; };
		479922D226B854E800CB5919 /* NextUpTests.swift in Sources */ = {isa = PBXBuildFile; fileRef = 479922D126B854E800CB5919 /* NextUpTests.swift */; };
		479922DD26B854E800CB5919 /* NextUpUITests.swift in Sources */ = {isa = PBXBuildFile; fileRef = 479922DC26B854E800CB5919 /* NextUpUITests.swift */; };
		479922F526BA3AA800CB5919 /* RootView.swift in Sources */ = {isa = PBXBuildFile; fileRef = 479922F426BA3AA800CB5919 /* RootView.swift */; };
		479922F726BA455000CB5919 /* TaskView.swift in Sources */ = {isa = PBXBuildFile; fileRef = 479922F626BA455000CB5919 /* TaskView.swift */; };
		479922F926BA557D00CB5919 /* TodoListView.swift in Sources */ = {isa = PBXBuildFile; fileRef = 479922F826BA557D00CB5919 /* TodoListView.swift */; };
		479922FB26BAF94C00CB5919 /* TaskAddView.swift in Sources */ = {isa = PBXBuildFile; fileRef = 479922FA26BAF94C00CB5919 /* TaskAddView.swift */; };
		479922FD26BAF98E00CB5919 /* SettingsView.swift in Sources */ = {isa = PBXBuildFile; fileRef = 479922FC26BAF98E00CB5919 /* SettingsView.swift */; };
		4799232226BCBB7A00CB5919 /* Task.swift in Sources */ = {isa = PBXBuildFile; fileRef = 4799231E26BCBB7A00CB5919 /* Task.swift */; };
		4799232326BCBB7A00CB5919 /* Task+CoreDataProperties.swift in Sources */ = {isa = PBXBuildFile; fileRef = 4799231F26BCBB7A00CB5919 /* Task+CoreDataProperties.swift */; };
		4799232426BCBB7A00CB5919 /* TodoList.swift in Sources */ = {isa = PBXBuildFile; fileRef = 4799232026BCBB7A00CB5919 /* TodoList.swift */; };
		4799232526BCBB7A00CB5919 /* TodoList+CoreDataProperties.swift in Sources */ = {isa = PBXBuildFile; fileRef = 4799232126BCBB7A00CB5919 /* TodoList+CoreDataProperties.swift */; };
		47BE11BE26BCC7730067AE26 /* Injector.swift in Sources */ = {isa = PBXBuildFile; fileRef = 47BE11BD26BCC7730067AE26 /* Injector.swift */; };
		47BE11C026BCCD510067AE26 /* ViewFactory.swift in Sources */ = {isa = PBXBuildFile; fileRef = 47BE11BF26BCCD510067AE26 /* ViewFactory.swift */; };
		47BE11C226BCDCB00067AE26 /* TaskService.swift in Sources */ = {isa = PBXBuildFile; fileRef = 47BE11C126BCDCB00067AE26 /* TaskService.swift */; };
		47BE11C426BCDCBC0067AE26 /* TaskRepository.swift in Sources */ = {isa = PBXBuildFile; fileRef = 47BE11C326BCDCBC0067AE26 /* TaskRepository.swift */; };
		47BE11C626BE15650067AE26 /* TaskEditView.swift in Sources */ = {isa = PBXBuildFile; fileRef = 47BE11C526BE15650067AE26 /* TaskEditView.swift */; };
		47BE11C926BE3AEC0067AE26 /* Logger+NextUp.swift in Sources */ = {isa = PBXBuildFile; fileRef = 47BE11C826BE3AEC0067AE26 /* Logger+NextUp.swift */; };
		47BE11CB26BF085E0067AE26 /* AddTaskViewModel.swift in Sources */ = {isa = PBXBuildFile; fileRef = 47BE11CA26BF085E0067AE26 /* AddTaskViewModel.swift */; };
		47BE11CD26C393AA0067AE26 /* TodoListViewModel.swift in Sources */ = {isa = PBXBuildFile; fileRef = 47BE11CC26C393AA0067AE26 /* TodoListViewModel.swift */; };
/* End PBXBuildFile section */

/* Begin PBXContainerItemProxy section */
		479922CE26B854E800CB5919 /* PBXContainerItemProxy */ = {
			isa = PBXContainerItemProxy;
			containerPortal = 479922AF26B854E600CB5919 /* Project object */;
			proxyType = 1;
			remoteGlobalIDString = 479922B626B854E600CB5919;
			remoteInfo = NextUp;
		};
		479922D926B854E800CB5919 /* PBXContainerItemProxy */ = {
			isa = PBXContainerItemProxy;
			containerPortal = 479922AF26B854E600CB5919 /* Project object */;
			proxyType = 1;
			remoteGlobalIDString = 479922B626B854E600CB5919;
			remoteInfo = NextUp;
		};
/* End PBXContainerItemProxy section */

/* Begin PBXFileReference section */
		479922B726B854E600CB5919 /* NextUp.app */ = {isa = PBXFileReference; explicitFileType = wrapper.application; includeInIndex = 0; path = NextUp.app; sourceTree = BUILT_PRODUCTS_DIR; };
		479922BA26B854E600CB5919 /* NextUpApp.swift */ = {isa = PBXFileReference; lastKnownFileType = sourcecode.swift; path = NextUpApp.swift; sourceTree = "<group>"; };
		479922BE26B854E800CB5919 /* Assets.xcassets */ = {isa = PBXFileReference; lastKnownFileType = folder.assetcatalog; path = Assets.xcassets; sourceTree = "<group>"; };
		479922C126B854E800CB5919 /* Preview Assets.xcassets */ = {isa = PBXFileReference; lastKnownFileType = folder.assetcatalog; path = "Preview Assets.xcassets"; sourceTree = "<group>"; };
		479922C626B854E800CB5919 /* NextUp.xcdatamodel */ = {isa = PBXFileReference; lastKnownFileType = wrapper.xcdatamodel; path = NextUp.xcdatamodel; sourceTree = "<group>"; };
		479922C826B854E800CB5919 /* Info.plist */ = {isa = PBXFileReference; lastKnownFileType = text.plist.xml; path = Info.plist; sourceTree = "<group>"; };
		479922CD26B854E800CB5919 /* NextUpTests.xctest */ = {isa = PBXFileReference; explicitFileType = wrapper.cfbundle; includeInIndex = 0; path = NextUpTests.xctest; sourceTree = BUILT_PRODUCTS_DIR; };
		479922D126B854E800CB5919 /* NextUpTests.swift */ = {isa = PBXFileReference; lastKnownFileType = sourcecode.swift; path = NextUpTests.swift; sourceTree = "<group>"; };
		479922D326B854E800CB5919 /* Info.plist */ = {isa = PBXFileReference; lastKnownFileType = text.plist.xml; path = Info.plist; sourceTree = "<group>"; };
		479922D826B854E800CB5919 /* NextUpUITests.xctest */ = {isa = PBXFileReference; explicitFileType = wrapper.cfbundle; includeInIndex = 0; path = NextUpUITests.xctest; sourceTree = BUILT_PRODUCTS_DIR; };
		479922DC26B854E800CB5919 /* NextUpUITests.swift */ = {isa = PBXFileReference; lastKnownFileType = sourcecode.swift; path = NextUpUITests.swift; sourceTree = "<group>"; };
		479922DE26B854E800CB5919 /* Info.plist */ = {isa = PBXFileReference; lastKnownFileType = text.plist.xml; path = Info.plist; sourceTree = "<group>"; };
		479922F426BA3AA800CB5919 /* RootView.swift */ = {isa = PBXFileReference; lastKnownFileType = sourcecode.swift; path = RootView.swift; sourceTree = "<group>"; };
		479922F626BA455000CB5919 /* TaskView.swift */ = {isa = PBXFileReference; lastKnownFileType = sourcecode.swift; path = TaskView.swift; sourceTree = "<group>"; };
		479922F826BA557D00CB5919 /* TodoListView.swift */ = {isa = PBXFileReference; lastKnownFileType = sourcecode.swift; path = TodoListView.swift; sourceTree = "<group>"; };
		479922FA26BAF94C00CB5919 /* TaskAddView.swift */ = {isa = PBXFileReference; lastKnownFileType = sourcecode.swift; path = TaskAddView.swift; sourceTree = "<group>"; };
		479922FC26BAF98E00CB5919 /* SettingsView.swift */ = {isa = PBXFileReference; lastKnownFileType = sourcecode.swift; path = SettingsView.swift; sourceTree = "<group>"; };
		4799231E26BCBB7A00CB5919 /* Task.swift */ = {isa = PBXFileReference; lastKnownFileType = sourcecode.swift; path = Task.swift; sourceTree = "<group>"; };
		4799231F26BCBB7A00CB5919 /* Task+CoreDataProperties.swift */ = {isa = PBXFileReference; lastKnownFileType = sourcecode.swift; path = "Task+CoreDataProperties.swift"; sourceTree = "<group>"; };
		4799232026BCBB7A00CB5919 /* TodoList.swift */ = {isa = PBXFileReference; lastKnownFileType = sourcecode.swift; path = TodoList.swift; sourceTree = "<group>"; };
		4799232126BCBB7A00CB5919 /* TodoList+CoreDataProperties.swift */ = {isa = PBXFileReference; lastKnownFileType = sourcecode.swift; path = "TodoList+CoreDataProperties.swift"; sourceTree = "<group>"; };
		47BE11BD26BCC7730067AE26 /* Injector.swift */ = {isa = PBXFileReference; lastKnownFileType = sourcecode.swift; path = Injector.swift; sourceTree = "<group>"; };
		47BE11BF26BCCD510067AE26 /* ViewFactory.swift */ = {isa = PBXFileReference; lastKnownFileType = sourcecode.swift; path = ViewFactory.swift; sourceTree = "<group>"; };
		47BE11C126BCDCB00067AE26 /* TaskService.swift */ = {isa = PBXFileReference; lastKnownFileType = sourcecode.swift; path = TaskService.swift; sourceTree = "<group>"; };
		47BE11C326BCDCBC0067AE26 /* TaskRepository.swift */ = {isa = PBXFileReference; lastKnownFileType = sourcecode.swift; path = TaskRepository.swift; sourceTree = "<group>"; };
		47BE11C526BE15650067AE26 /* TaskEditView.swift */ = {isa = PBXFileReference; lastKnownFileType = sourcecode.swift; path = TaskEditView.swift; sourceTree = "<group>"; };
		47BE11C826BE3AEC0067AE26 /* Logger+NextUp.swift */ = {isa = PBXFileReference; lastKnownFileType = sourcecode.swift; path = "Logger+NextUp.swift"; sourceTree = "<group>"; };
		47BE11CA26BF085E0067AE26 /* AddTaskViewModel.swift */ = {isa = PBXFileReference; lastKnownFileType = sourcecode.swift; path = AddTaskViewModel.swift; sourceTree = "<group>"; };
		47BE11CC26C393AA0067AE26 /* TodoListViewModel.swift */ = {isa = PBXFileReference; lastKnownFileType = sourcecode.swift; path = TodoListViewModel.swift; sourceTree = "<group>"; };
/* End PBXFileReference section */

/* Begin PBXFrameworksBuildPhase section */
		479922B426B854E600CB5919 /* Frameworks */ = {
			isa = PBXFrameworksBuildPhase;
			buildActionMask = 2147483647;
			files = (
			);
			runOnlyForDeploymentPostprocessing = 0;
		};
		479922CA26B854E800CB5919 /* Frameworks */ = {
			isa = PBXFrameworksBuildPhase;
			buildActionMask = 2147483647;
			files = (
			);
			runOnlyForDeploymentPostprocessing = 0;
		};
		479922D526B854E800CB5919 /* Frameworks */ = {
			isa = PBXFrameworksBuildPhase;
			buildActionMask = 2147483647;
			files = (
			);
			runOnlyForDeploymentPostprocessing = 0;
		};
/* End PBXFrameworksBuildPhase section */

/* Begin PBXGroup section */
		479922AE26B854E600CB5919 = {
			isa = PBXGroup;
			children = (
				479922B926B854E600CB5919 /* NextUp */,
				479922F126B858E200CB5919 /* Tests */,
			);
			sourceTree = "<group>";
		};
		479922B826B854E600CB5919 /* Products */ = {
			isa = PBXGroup;
			children = (
				479922B726B854E600CB5919 /* NextUp.app */,
				479922CD26B854E800CB5919 /* NextUpTests.xctest */,
				479922D826B854E800CB5919 /* NextUpUITests.xctest */,
			);
			name = Products;
			path = ..;
			sourceTree = "<group>";
		};
		479922B926B854E600CB5919 /* NextUp */ = {
			isa = PBXGroup;
			children = (
				479922F026B858DA00CB5919 /* Sources */,
			);
			path = NextUp;
			sourceTree = "<group>";
		};
		479922C026B854E800CB5919 /* Preview Content */ = {
			isa = PBXGroup;
			children = (
				479922C126B854E800CB5919 /* Preview Assets.xcassets */,
			);
			path = "Preview Content";
			sourceTree = "<group>";
		};
		479922D026B854E800CB5919 /* NextUpTests */ = {
			isa = PBXGroup;
			children = (
				479922D126B854E800CB5919 /* NextUpTests.swift */,
				479922D326B854E800CB5919 /* Info.plist */,
			);
			path = NextUpTests;
			sourceTree = "<group>";
		};
		479922DB26B854E800CB5919 /* NextUpUITests */ = {
			isa = PBXGroup;
			children = (
				479922DC26B854E800CB5919 /* NextUpUITests.swift */,
				479922DE26B854E800CB5919 /* Info.plist */,
			);
			path = NextUpUITests;
			sourceTree = "<group>";
		};
		479922EA26B8581000CB5919 /* View */ = {
			isa = PBXGroup;
			children = (
				479922F426BA3AA800CB5919 /* RootView.swift */,
				479922F626BA455000CB5919 /* TaskView.swift */,
				479922F826BA557D00CB5919 /* TodoListView.swift */,
				479922FA26BAF94C00CB5919 /* TaskAddView.swift */,
				479922FC26BAF98E00CB5919 /* SettingsView.swift */,
				47BE11C526BE15650067AE26 /* TaskEditView.swift */,
			);
			path = View;
			sourceTree = "<group>";
		};
		479922ED26B8582800CB5919 /* ViewModel */ = {
			isa = PBXGroup;
			children = (
				47BE11CA26BF085E0067AE26 /* AddTaskViewModel.swift */,
				47BE11CC26C393AA0067AE26 /* TodoListViewModel.swift */,
			);
			path = ViewModel;
			sourceTree = "<group>";
		};
		479922EE26B8585D00CB5919 /* Model */ = {
			isa = PBXGroup;
			children = (
				4799231E26BCBB7A00CB5919 /* Task.swift */,
				4799231F26BCBB7A00CB5919 /* Task+CoreDataProperties.swift */,
				4799232026BCBB7A00CB5919 /* TodoList.swift */,
				4799232126BCBB7A00CB5919 /* TodoList+CoreDataProperties.swift */,
			);
			path = Model;
			sourceTree = "<group>";
		};
		479922EF26B8587100CB5919 /* Resources */ = {
			isa = PBXGroup;
			children = (
				479922C826B854E800CB5919 /* Info.plist */,
				479922C526B854E800CB5919 /* NextUp.xcdatamodeld */,
				479922BE26B854E800CB5919 /* Assets.xcassets */,
				479922C026B854E800CB5919 /* Preview Content */,
			);
			path = Resources;
			sourceTree = "<group>";
		};
		479922F026B858DA00CB5919 /* Sources */ = {
			isa = PBXGroup;
			children = (
				47BE11C726BE3AD60067AE26 /* Extension */,
				479922F226B8593A00CB5919 /* DependencyInjection */,
				479922EE26B8585D00CB5919 /* Model */,
				479922EF26B8587100CB5919 /* Resources */,
				479922F326B8596500CB5919 /* Service */,
				479922EA26B8581000CB5919 /* View */,
				479922ED26B8582800CB5919 /* ViewModel */,
				479922BA26B854E600CB5919 /* NextUpApp.swift */,
			);
			path = Sources;
			sourceTree = "<group>";
		};
		479922F126B858E200CB5919 /* Tests */ = {
			isa = PBXGroup;
			children = (
				479922D026B854E800CB5919 /* NextUpTests */,
				479922DB26B854E800CB5919 /* NextUpUITests */,
				479922B826B854E600CB5919 /* Products */,
			);
			path = Tests;
			sourceTree = "<group>";
		};
		479922F226B8593A00CB5919 /* DependencyInjection */ = {
			isa = PBXGroup;
			children = (
				47BE11BD26BCC7730067AE26 /* Injector.swift */,
				47BE11BF26BCCD510067AE26 /* ViewFactory.swift */,
			);
			path = DependencyInjection;
			sourceTree = "<group>";
		};
		479922F326B8596500CB5919 /* Service */ = {
			isa = PBXGroup;
			children = (
				47BE11C126BCDCB00067AE26 /* TaskService.swift */,
				47BE11C326BCDCBC0067AE26 /* TaskRepository.swift */,
			);
			path = Service;
			sourceTree = "<group>";
		};
		47BE11C726BE3AD60067AE26 /* Extension */ = {
			isa = PBXGroup;
			children = (
				47BE11C826BE3AEC0067AE26 /* Logger+NextUp.swift */,
			);
			path = Extension;
			sourceTree = "<group>";
		};
/* End PBXGroup section */

/* Begin PBXNativeTarget section */
		479922B626B854E600CB5919 /* NextUp */ = {
			isa = PBXNativeTarget;
			buildConfigurationList = 479922E126B854E800CB5919 /* Build configuration list for PBXNativeTarget "NextUp" */;
			buildPhases = (
				479922B326B854E600CB5919 /* Sources */,
				479922B426B854E600CB5919 /* Frameworks */,
				479922B526B854E600CB5919 /* Resources */,
			);
			buildRules = (
			);
			dependencies = (
			);
			name = NextUp;
			productName = NextUp;
			productReference = 479922B726B854E600CB5919 /* NextUp.app */;
			productType = "com.apple.product-type.application";
		};
		479922CC26B854E800CB5919 /* NextUpTests */ = {
			isa = PBXNativeTarget;
			buildConfigurationList = 479922E426B854E800CB5919 /* Build configuration list for PBXNativeTarget "NextUpTests" */;
			buildPhases = (
				479922C926B854E800CB5919 /* Sources */,
				479922CA26B854E800CB5919 /* Frameworks */,
				479922CB26B854E800CB5919 /* Resources */,
			);
			buildRules = (
			);
			dependencies = (
				479922CF26B854E800CB5919 /* PBXTargetDependency */,
			);
			name = NextUpTests;
			productName = NextUpTests;
			productReference = 479922CD26B854E800CB5919 /* NextUpTests.xctest */;
			productType = "com.apple.product-type.bundle.unit-test";
		};
		479922D726B854E800CB5919 /* NextUpUITests */ = {
			isa = PBXNativeTarget;
			buildConfigurationList = 479922E726B854E800CB5919 /* Build configuration list for PBXNativeTarget "NextUpUITests" */;
			buildPhases = (
				479922D426B854E800CB5919 /* Sources */,
				479922D526B854E800CB5919 /* Frameworks */,
				479922D626B854E800CB5919 /* Resources */,
			);
			buildRules = (
			);
			dependencies = (
				479922DA26B854E800CB5919 /* PBXTargetDependency */,
			);
			name = NextUpUITests;
			productName = NextUpUITests;
			productReference = 479922D826B854E800CB5919 /* NextUpUITests.xctest */;
			productType = "com.apple.product-type.bundle.ui-testing";
		};
/* End PBXNativeTarget section */

/* Begin PBXProject section */
		479922AF26B854E600CB5919 /* Project object */ = {
			isa = PBXProject;
			attributes = {
				LastSwiftUpdateCheck = 1250;
				LastUpgradeCheck = 1250;
				TargetAttributes = {
					479922B626B854E600CB5919 = {
						CreatedOnToolsVersion = 12.5.1;
					};
					479922CC26B854E800CB5919 = {
						CreatedOnToolsVersion = 12.5.1;
						TestTargetID = 479922B626B854E600CB5919;
					};
					479922D726B854E800CB5919 = {
						CreatedOnToolsVersion = 12.5.1;
						TestTargetID = 479922B626B854E600CB5919;
					};
				};
			};
			buildConfigurationList = 479922B226B854E600CB5919 /* Build configuration list for PBXProject "NextUp" */;
			compatibilityVersion = "Xcode 9.3";
			developmentRegion = en;
			hasScannedForEncodings = 0;
			knownRegions = (
				en,
				Base,
			);
			mainGroup = 479922AE26B854E600CB5919;
			productRefGroup = 479922B826B854E600CB5919 /* Products */;
			projectDirPath = "";
			projectRoot = "";
			targets = (
				479922B626B854E600CB5919 /* NextUp */,
				479922CC26B854E800CB5919 /* NextUpTests */,
				479922D726B854E800CB5919 /* NextUpUITests */,
			);
		};
/* End PBXProject section */

/* Begin PBXResourcesBuildPhase section */
		479922B526B854E600CB5919 /* Resources */ = {
			isa = PBXResourcesBuildPhase;
			buildActionMask = 2147483647;
			files = (
				479922C226B854E800CB5919 /* Preview Assets.xcassets in Resources */,
				479922BF26B854E800CB5919 /* Assets.xcassets in Resources */,
			);
			runOnlyForDeploymentPostprocessing = 0;
		};
		479922CB26B854E800CB5919 /* Resources */ = {
			isa = PBXResourcesBuildPhase;
			buildActionMask = 2147483647;
			files = (
			);
			runOnlyForDeploymentPostprocessing = 0;
		};
		479922D626B854E800CB5919 /* Resources */ = {
			isa = PBXResourcesBuildPhase;
			buildActionMask = 2147483647;
			files = (
			);
			runOnlyForDeploymentPostprocessing = 0;
		};
/* End PBXResourcesBuildPhase section */

/* Begin PBXSourcesBuildPhase section */
		479922B326B854E600CB5919 /* Sources */ = {
			isa = PBXSourcesBuildPhase;
			buildActionMask = 2147483647;
			files = (
				479922FD26BAF98E00CB5919 /* SettingsView.swift in Sources */,
				47BE11CB26BF085E0067AE26 /* AddTaskViewModel.swift in Sources */,
				47BE11C626BE15650067AE26 /* TaskEditView.swift in Sources */,
				479922BB26B854E600CB5919 /* NextUpApp.swift in Sources */,
				4799232226BCBB7A00CB5919 /* Task.swift in Sources */,
				479922C726B854E800CB5919 /* NextUp.xcdatamodeld in Sources */,
				4799232326BCBB7A00CB5919 /* Task+CoreDataProperties.swift in Sources */,
				479922F926BA557D00CB5919 /* TodoListView.swift in Sources */,
				479922FB26BAF94C00CB5919 /* TaskAddView.swift in Sources */,
				47BE11CD26C393AA0067AE26 /* TodoListViewModel.swift in Sources */,
				47BE11BE26BCC7730067AE26 /* Injector.swift in Sources */,
				47BE11C926BE3AEC0067AE26 /* Logger+NextUp.swift in Sources */,
				4799232426BCBB7A00CB5919 /* TodoList.swift in Sources */,
				47BE11C426BCDCBC0067AE26 /* TaskRepository.swift in Sources */,
				479922F526BA3AA800CB5919 /* RootView.swift in Sources */,
				47BE11C226BCDCB00067AE26 /* TaskService.swift in Sources */,
				479922F726BA455000CB5919 /* TaskView.swift in Sources */,
				4799232526BCBB7A00CB5919 /* TodoList+CoreDataProperties.swift in Sources */,
				47BE11C026BCCD510067AE26 /* ViewFactory.swift in Sources */,
			);
			runOnlyForDeploymentPostprocessing = 0;
		};
		479922C926B854E800CB5919 /* Sources */ = {
			isa = PBXSourcesBuildPhase;
			buildActionMask = 2147483647;
			files = (
				479922D226B854E800CB5919 /* NextUpTests.swift in Sources */,
			);
			runOnlyForDeploymentPostprocessing = 0;
		};
		479922D426B854E800CB5919 /* Sources */ = {
			isa = PBXSourcesBuildPhase;
			buildActionMask = 2147483647;
			files = (
				479922DD26B854E800CB5919 /* NextUpUITests.swift in Sources */,
			);
			runOnlyForDeploymentPostprocessing = 0;
		};
/* End PBXSourcesBuildPhase section */

/* Begin PBXTargetDependency section */
		479922CF26B854E800CB5919 /* PBXTargetDependency */ = {
			isa = PBXTargetDependency;
			target = 479922B626B854E600CB5919 /* NextUp */;
			targetProxy = 479922CE26B854E800CB5919 /* PBXContainerItemProxy */;
		};
		479922DA26B854E800CB5919 /* PBXTargetDependency */ = {
			isa = PBXTargetDependency;
			target = 479922B626B854E600CB5919 /* NextUp */;
			targetProxy = 479922D926B854E800CB5919 /* PBXContainerItemProxy */;
		};
/* End PBXTargetDependency section */

/* Begin XCBuildConfiguration section */
		479922DF26B854E800CB5919 /* Debug */ = {
			isa = XCBuildConfiguration;
			buildSettings = {
				ALWAYS_SEARCH_USER_PATHS = NO;
				CLANG_ANALYZER_NONNULL = YES;
				CLANG_ANALYZER_NUMBER_OBJECT_CONVERSION = YES_AGGRESSIVE;
				CLANG_CXX_LANGUAGE_STANDARD = "gnu++14";
				CLANG_CXX_LIBRARY = "libc++";
				CLANG_ENABLE_MODULES = YES;
				CLANG_ENABLE_OBJC_ARC = YES;
				CLANG_ENABLE_OBJC_WEAK = YES;
				CLANG_WARN_BLOCK_CAPTURE_AUTORELEASING = YES;
				CLANG_WARN_BOOL_CONVERSION = YES;
				CLANG_WARN_COMMA = YES;
				CLANG_WARN_CONSTANT_CONVERSION = YES;
				CLANG_WARN_DEPRECATED_OBJC_IMPLEMENTATIONS = YES;
				CLANG_WARN_DIRECT_OBJC_ISA_USAGE = YES_ERROR;
				CLANG_WARN_DOCUMENTATION_COMMENTS = YES;
				CLANG_WARN_EMPTY_BODY = YES;
				CLANG_WARN_ENUM_CONVERSION = YES;
				CLANG_WARN_INFINITE_RECURSION = YES;
				CLANG_WARN_INT_CONVERSION = YES;
				CLANG_WARN_NON_LITERAL_NULL_CONVERSION = YES;
				CLANG_WARN_OBJC_IMPLICIT_RETAIN_SELF = YES;
				CLANG_WARN_OBJC_LITERAL_CONVERSION = YES;
				CLANG_WARN_OBJC_ROOT_CLASS = YES_ERROR;
				CLANG_WARN_QUOTED_INCLUDE_IN_FRAMEWORK_HEADER = YES;
				CLANG_WARN_RANGE_LOOP_ANALYSIS = YES;
				CLANG_WARN_STRICT_PROTOTYPES = YES;
				CLANG_WARN_SUSPICIOUS_MOVE = YES;
				CLANG_WARN_UNGUARDED_AVAILABILITY = YES_AGGRESSIVE;
				CLANG_WARN_UNREACHABLE_CODE = YES;
				CLANG_WARN__DUPLICATE_METHOD_MATCH = YES;
				COPY_PHASE_STRIP = NO;
				DEBUG_INFORMATION_FORMAT = dwarf;
				ENABLE_STRICT_OBJC_MSGSEND = YES;
				ENABLE_TESTABILITY = YES;
				GCC_C_LANGUAGE_STANDARD = gnu11;
				GCC_DYNAMIC_NO_PIC = NO;
				GCC_NO_COMMON_BLOCKS = YES;
				GCC_OPTIMIZATION_LEVEL = 0;
				GCC_PREPROCESSOR_DEFINITIONS = (
					"DEBUG=1",
					"$(inherited)",
				);
				GCC_WARN_64_TO_32_BIT_CONVERSION = YES;
				GCC_WARN_ABOUT_RETURN_TYPE = YES_ERROR;
				GCC_WARN_UNDECLARED_SELECTOR = YES;
				GCC_WARN_UNINITIALIZED_AUTOS = YES_AGGRESSIVE;
				GCC_WARN_UNUSED_FUNCTION = YES;
				GCC_WARN_UNUSED_VARIABLE = YES;
				IPHONEOS_DEPLOYMENT_TARGET = 14.5;
				MTL_ENABLE_DEBUG_INFO = INCLUDE_SOURCE;
				MTL_FAST_MATH = YES;
				ONLY_ACTIVE_ARCH = YES;
				SDKROOT = iphoneos;
				SWIFT_ACTIVE_COMPILATION_CONDITIONS = DEBUG;
				SWIFT_OPTIMIZATION_LEVEL = "-Onone";
			};
			name = Debug;
		};
		479922E026B854E800CB5919 /* Release */ = {
			isa = XCBuildConfiguration;
			buildSettings = {
				ALWAYS_SEARCH_USER_PATHS = NO;
				CLANG_ANALYZER_NONNULL = YES;
				CLANG_ANALYZER_NUMBER_OBJECT_CONVERSION = YES_AGGRESSIVE;
				CLANG_CXX_LANGUAGE_STANDARD = "gnu++14";
				CLANG_CXX_LIBRARY = "libc++";
				CLANG_ENABLE_MODULES = YES;
				CLANG_ENABLE_OBJC_ARC = YES;
				CLANG_ENABLE_OBJC_WEAK = YES;
				CLANG_WARN_BLOCK_CAPTURE_AUTORELEASING = YES;
				CLANG_WARN_BOOL_CONVERSION = YES;
				CLANG_WARN_COMMA = YES;
				CLANG_WARN_CONSTANT_CONVERSION = YES;
				CLANG_WARN_DEPRECATED_OBJC_IMPLEMENTATIONS = YES;
				CLANG_WARN_DIRECT_OBJC_ISA_USAGE = YES_ERROR;
				CLANG_WARN_DOCUMENTATION_COMMENTS = YES;
				CLANG_WARN_EMPTY_BODY = YES;
				CLANG_WARN_ENUM_CONVERSION = YES;
				CLANG_WARN_INFINITE_RECURSION = YES;
				CLANG_WARN_INT_CONVERSION = YES;
				CLANG_WARN_NON_LITERAL_NULL_CONVERSION = YES;
				CLANG_WARN_OBJC_IMPLICIT_RETAIN_SELF = YES;
				CLANG_WARN_OBJC_LITERAL_CONVERSION = YES;
				CLANG_WARN_OBJC_ROOT_CLASS = YES_ERROR;
				CLANG_WARN_QUOTED_INCLUDE_IN_FRAMEWORK_HEADER = YES;
				CLANG_WARN_RANGE_LOOP_ANALYSIS = YES;
				CLANG_WARN_STRICT_PROTOTYPES = YES;
				CLANG_WARN_SUSPICIOUS_MOVE = YES;
				CLANG_WARN_UNGUARDED_AVAILABILITY = YES_AGGRESSIVE;
				CLANG_WARN_UNREACHABLE_CODE = YES;
				CLANG_WARN__DUPLICATE_METHOD_MATCH = YES;
				COPY_PHASE_STRIP = NO;
				DEBUG_INFORMATION_FORMAT = "dwarf-with-dsym";
				ENABLE_NS_ASSERTIONS = NO;
				ENABLE_STRICT_OBJC_MSGSEND = YES;
				GCC_C_LANGUAGE_STANDARD = gnu11;
				GCC_NO_COMMON_BLOCKS = YES;
				GCC_WARN_64_TO_32_BIT_CONVERSION = YES;
				GCC_WARN_ABOUT_RETURN_TYPE = YES_ERROR;
				GCC_WARN_UNDECLARED_SELECTOR = YES;
				GCC_WARN_UNINITIALIZED_AUTOS = YES_AGGRESSIVE;
				GCC_WARN_UNUSED_FUNCTION = YES;
				GCC_WARN_UNUSED_VARIABLE = YES;
				IPHONEOS_DEPLOYMENT_TARGET = 14.5;
				MTL_ENABLE_DEBUG_INFO = NO;
				MTL_FAST_MATH = YES;
				SDKROOT = iphoneos;
				SWIFT_COMPILATION_MODE = wholemodule;
				SWIFT_OPTIMIZATION_LEVEL = "-O";
				VALIDATE_PRODUCT = YES;
			};
			name = Release;
		};
		479922E226B854E800CB5919 /* Debug */ = {
			isa = XCBuildConfiguration;
			buildSettings = {
				ASSETCATALOG_COMPILER_APPICON_NAME = AppIcon;
				ASSETCATALOG_COMPILER_GLOBAL_ACCENT_COLOR_NAME = AccentColor;
				CODE_SIGN_STYLE = Automatic;
				DEVELOPMENT_ASSET_PATHS = "\"NextUp/Sources/Resources/Preview Content\"";
				DEVELOPMENT_TEAM = A24VD6MAAN;
				ENABLE_PREVIEWS = YES;
				INFOPLIST_FILE = NextUp/Sources/Resources/Info.plist;
				IPHONEOS_DEPLOYMENT_TARGET = 14.5;
				LD_RUNPATH_SEARCH_PATHS = (
					"$(inherited)",
					"@executable_path/Frameworks",
				);
				PRODUCT_BUNDLE_IDENTIFIER = NateKoch.NextUp;
				PRODUCT_NAME = "$(TARGET_NAME)";
				SWIFT_VERSION = 5.0;
				TARGETED_DEVICE_FAMILY = "1,2";
			};
			name = Debug;
		};
		479922E326B854E800CB5919 /* Release */ = {
			isa = XCBuildConfiguration;
			buildSettings = {
				ASSETCATALOG_COMPILER_APPICON_NAME = AppIcon;
				ASSETCATALOG_COMPILER_GLOBAL_ACCENT_COLOR_NAME = AccentColor;
				CODE_SIGN_STYLE = Automatic;
				DEVELOPMENT_ASSET_PATHS = "\"NextUp/Sources/Resources/Preview Content\"";
				DEVELOPMENT_TEAM = A24VD6MAAN;
				ENABLE_PREVIEWS = YES;
				INFOPLIST_FILE = NextUp/Sources/Resources/Info.plist;
				IPHONEOS_DEPLOYMENT_TARGET = 14.5;
				LD_RUNPATH_SEARCH_PATHS = (
					"$(inherited)",
					"@executable_path/Frameworks",
				);
				PRODUCT_BUNDLE_IDENTIFIER = NateKoch.NextUp;
				PRODUCT_NAME = "$(TARGET_NAME)";
				SWIFT_VERSION = 5.0;
				TARGETED_DEVICE_FAMILY = "1,2";
			};
			name = Release;
		};
		479922E526B854E800CB5919 /* Debug */ = {
			isa = XCBuildConfiguration;
			buildSettings = {
				ALWAYS_EMBED_SWIFT_STANDARD_LIBRARIES = YES;
				BUNDLE_LOADER = "$(TEST_HOST)";
				CODE_SIGN_STYLE = Automatic;
				DEVELOPMENT_TEAM = A24VD6MAAN;
				INFOPLIST_FILE = NextUpTests/Info.plist;
				IPHONEOS_DEPLOYMENT_TARGET = 14.0;
				LD_RUNPATH_SEARCH_PATHS = (
					"$(inherited)",
					"@executable_path/Frameworks",
					"@loader_path/Frameworks",
				);
				PRODUCT_BUNDLE_IDENTIFIER = NateKoch.NextUpTests;
				PRODUCT_NAME = "$(TARGET_NAME)";
				SWIFT_VERSION = 5.0;
				TARGETED_DEVICE_FAMILY = "1,2";
				TEST_HOST = "$(BUILT_PRODUCTS_DIR)/NextUp.app/NextUp";
			};
			name = Debug;
		};
		479922E626B854E800CB5919 /* Release */ = {
			isa = XCBuildConfiguration;
			buildSettings = {
				ALWAYS_EMBED_SWIFT_STANDARD_LIBRARIES = YES;
				BUNDLE_LOADER = "$(TEST_HOST)";
				CODE_SIGN_STYLE = Automatic;
				DEVELOPMENT_TEAM = A24VD6MAAN;
				INFOPLIST_FILE = NextUpTests/Info.plist;
				IPHONEOS_DEPLOYMENT_TARGET = 14.0;
				LD_RUNPATH_SEARCH_PATHS = (
					"$(inherited)",
					"@executable_path/Frameworks",
					"@loader_path/Frameworks",
				);
				PRODUCT_BUNDLE_IDENTIFIER = NateKoch.NextUpTests;
				PRODUCT_NAME = "$(TARGET_NAME)";
				SWIFT_VERSION = 5.0;
				TARGETED_DEVICE_FAMILY = "1,2";
				TEST_HOST = "$(BUILT_PRODUCTS_DIR)/NextUp.app/NextUp";
			};
			name = Release;
		};
		479922E826B854E800CB5919 /* Debug */ = {
			isa = XCBuildConfiguration;
			buildSettings = {
				ALWAYS_EMBED_SWIFT_STANDARD_LIBRARIES = YES;
				CODE_SIGN_STYLE = Automatic;
				DEVELOPMENT_TEAM = A24VD6MAAN;
				INFOPLIST_FILE = NextUpUITests/Info.plist;
				LD_RUNPATH_SEARCH_PATHS = (
					"$(inherited)",
					"@executable_path/Frameworks",
					"@loader_path/Frameworks",
				);
				PRODUCT_BUNDLE_IDENTIFIER = NateKoch.NextUpUITests;
				PRODUCT_NAME = "$(TARGET_NAME)";
				SWIFT_VERSION = 5.0;
				TARGETED_DEVICE_FAMILY = "1,2";
				TEST_TARGET_NAME = NextUp;
			};
			name = Debug;
		};
		479922E926B854E800CB5919 /* Release */ = {
			isa = XCBuildConfiguration;
			buildSettings = {
				ALWAYS_EMBED_SWIFT_STANDARD_LIBRARIES = YES;
				CODE_SIGN_STYLE = Automatic;
				DEVELOPMENT_TEAM = A24VD6MAAN;
				INFOPLIST_FILE = NextUpUITests/Info.plist;
				LD_RUNPATH_SEARCH_PATHS = (
					"$(inherited)",
					"@executable_path/Frameworks",
					"@loader_path/Frameworks",
				);
				PRODUCT_BUNDLE_IDENTIFIER = NateKoch.NextUpUITests;
				PRODUCT_NAME = "$(TARGET_NAME)";
				SWIFT_VERSION = 5.0;
				TARGETED_DEVICE_FAMILY = "1,2";
				TEST_TARGET_NAME = NextUp;
			};
			name = Release;
		};
/* End XCBuildConfiguration section */

/* Begin XCConfigurationList section */
		479922B226B854E600CB5919 /* Build configuration list for PBXProject "NextUp" */ = {
			isa = XCConfigurationList;
			buildConfigurations = (
				479922DF26B854E800CB5919 /* Debug */,
				479922E026B854E800CB5919 /* Release */,
			);
			defaultConfigurationIsVisible = 0;
			defaultConfigurationName = Release;
		};
		479922E126B854E800CB5919 /* Build configuration list for PBXNativeTarget "NextUp" */ = {
			isa = XCConfigurationList;
			buildConfigurations = (
				479922E226B854E800CB5919 /* Debug */,
				479922E326B854E800CB5919 /* Release */,
			);
			defaultConfigurationIsVisible = 0;
			defaultConfigurationName = Release;
		};
		479922E426B854E800CB5919 /* Build configuration list for PBXNativeTarget "NextUpTests" */ = {
			isa = XCConfigurationList;
			buildConfigurations = (
				479922E526B854E800CB5919 /* Debug */,
				479922E626B854E800CB5919 /* Release */,
			);
			defaultConfigurationIsVisible = 0;
			defaultConfigurationName = Release;
		};
		479922E726B854E800CB5919 /* Build configuration list for PBXNativeTarget "NextUpUITests" */ = {
			isa = XCConfigurationList;
			buildConfigurations = (
				479922E826B854E800CB5919 /* Debug */,
				479922E926B854E800CB5919 /* Release */,
			);
			defaultConfigurationIsVisible = 0;
			defaultConfigurationName = Release;
		};
/* End XCConfigurationList section */

/* Begin XCVersionGroup section */
		479922C526B854E800CB5919 /* NextUp.xcdatamodeld */ = {
			isa = XCVersionGroup;
			children = (
				479922C626B854E800CB5919 /* NextUp.xcdatamodel */,
			);
			currentVersion = 479922C626B854E800CB5919 /* NextUp.xcdatamodel */;
			path = NextUp.xcdatamodeld;
			sourceTree = "<group>";
			versionGroupType = wrapper.xcdatamodel;
		};
/* End XCVersionGroup section */
	};
	rootObject = 479922AF26B854E600CB5919 /* Project object */;
}
